github.com/gorilla/websocket v1.5.1 h1:gmztn0JnHVt9JZquRuzLw3g4wouNVzKL15iLr/zn/QY=
github.com/gorilla/websocket v1.5.1/go.mod h1:x3kM2JMyaluk02fnUJpQuwD2dCS5NDG2ZHL0uE0tcaY=
github.com/pedroafleite/game-golang/backend v0.0.0-20240530141739-391d1e66f50e h1:3AaDAHEiSu1y6fbYbFmVHoLPWscgNszZKlcnotcuKZg=
github.com/pedroafleite/game-golang/backend v0.0.0-20240530141739-391d1e66f50e/go.mod h1:pg4Pc8u0lvZk3x5+TzjFXlXpJtFAO8dpr+i0F6jwMcg=
golang.org/x/net v0.17.0 h1:pVaXccu2ozPjCXewfr1S7xza/zcXTity9cCdXQYSjIM=
golang.org/x/net v0.17.0/go.mod h1:NxSsAGuq816PNPmqtQdLE42eU2Fs7NoRIZrHJAlaCOE=
